
Microsoft Visual Studio Solution File, Format Version 12.00
# Visual Studio Version 16
VisualStudioVersion = 16.0.28922.388
MinimumVisualStudioVersion = 10.0.40219.1
Project("{9A19103F-16F7-4668-BE54-9A1E7A4F7556}") = "SJew.Entities", "SJew.Entity\SJew.Entities.csproj", "{75A1E522-CEE5-4B8A-8B53-8E4D7D974E24}"
EndProject
Project("{9A19103F-16F7-4668-BE54-9A1E7A4F7556}") = "SJew.Data", "SJew.Data\SJew.Data.csproj", "{6F192D5F-316C-48C4-9A4F-629501F0C45B}"
EndProject
Project("{9A19103F-16F7-4668-BE54-9A1E7A4F7556}") = "SJew.Service", "SJew.Service\SJew.Service.csproj", "{D3F0975B-8709-4537-BE5E-BC1BAAE8C9B3}"
EndProject
Project("{9A19103F-16F7-4668-BE54-9A1E7A4F7556}") = "SJew.Api", "SJew.Api\SJew.Api.csproj", "{382570F5-3D1B-4EA5-A94D-E0612BC73DE0}"
EndProject
Project("{9A19103F-16F7-4668-BE54-9A1E7A4F7556}") = "SJew.Business", "SJew.Business\SJew.Business.csproj", "{7A3E76FD-261B-4CFC-A252-466722A2560B}"
EndProject
Project("{9A19103F-16F7-4668-BE54-9A1E7A4F7556}") = "Sjew.Operator", "Sjew.Operator\Sjew.Operator.csproj", "{74ABC076-E0E2-4DE2-9400-3162206D117D}"
EndProject
Project("{FAE04EC0-301F-11D3-BF4B-00C04F79EFBC}") = "SJew.AlphaVantage", "SJew.AlphaVantage\SJew.AlphaVantage.csproj", "{F1939E6E-46BC-450E-A5D8-8AE5EBF499A2}"
EndProject
Project("{FAE04EC0-301F-11D3-BF4B-00C04F79EFBC}") = "SJew.YahooFinance", "SJew.YahooFinance\SJew.YahooFinance.csproj", "{61600A42-3B25-4D96-9233-811A0BAE9BF9}"
EndProject
Global
	GlobalSection(SolutionConfigurationPlatforms) = preSolution
		Debug|Any CPU = Debug|Any CPU
		Release|Any CPU = Release|Any CPU
	EndGlobalSection
	GlobalSection(ProjectConfigurationPlatforms) = postSolution
		{75A1E522-CEE5-4B8A-8B53-8E4D7D974E24}.Debug|Any CPU.ActiveCfg = Debug|Any CPU
		{75A1E522-CEE5-4B8A-8B53-8E4D7D974E24}.Debug|Any CPU.Build.0 = Debug|Any CPU
		{75A1E522-CEE5-4B8A-8B53-8E4D7D974E24}.Release|Any CPU.ActiveCfg = Release|Any CPU
		{75A1E522-CEE5-4B8A-8B53-8E4D7D974E24}.Release|Any CPU.Build.0 = Release|Any CPU
		{6F192D5F-316C-48C4-9A4F-629501F0C45B}.Debug|Any CPU.ActiveCfg = Debug|Any CPU
		{6F192D5F-316C-48C4-9A4F-629501F0C45B}.Debug|Any CPU.Build.0 = Debug|Any CPU
		{6F192D5F-316C-48C4-9A4F-629501F0C45B}.Release|Any CPU.ActiveCfg = Release|Any CPU
		{6F192D5F-316C-48C4-9A4F-629501F0C45B}.Release|Any CPU.Build.0 = Release|Any CPU
		{D3F0975B-8709-4537-BE5E-BC1BAAE8C9B3}.Debug|Any CPU.ActiveCfg = Debug|Any CPU
		{D3F0975B-8709-4537-BE5E-BC1BAAE8C9B3}.Debug|Any CPU.Build.0 = Debug|Any CPU
		{D3F0975B-8709-4537-BE5E-BC1BAAE8C9B3}.Release|Any CPU.ActiveCfg = Release|Any CPU
		{D3F0975B-8709-4537-BE5E-BC1BAAE8C9B3}.Release|Any CPU.Build.0 = Release|Any CPU
		{382570F5-3D1B-4EA5-A94D-E0612BC73DE0}.Debug|Any CPU.ActiveCfg = Debug|Any CPU
		{382570F5-3D1B-4EA5-A94D-E0612BC73DE0}.Debug|Any CPU.Build.0 = Debug|Any CPU
		{382570F5-3D1B-4EA5-A94D-E0612BC73DE0}.Release|Any CPU.ActiveCfg = Release|Any CPU
		{382570F5-3D1B-4EA5-A94D-E0612BC73DE0}.Release|Any CPU.Build.0 = Release|Any CPU
		{7A3E76FD-261B-4CFC-A252-466722A2560B}.Debug|Any CPU.ActiveCfg = Debug|Any CPU
		{7A3E76FD-261B-4CFC-A252-466722A2560B}.Debug|Any CPU.Build.0 = Debug|Any CPU
		{7A3E76FD-261B-4CFC-A252-466722A2560B}.Release|Any CPU.ActiveCfg = Release|Any CPU
		{7A3E76FD-261B-4CFC-A252-466722A2560B}.Release|Any CPU.Build.0 = Release|Any CPU
		{74ABC076-E0E2-4DE2-9400-3162206D117D}.Debug|Any CPU.ActiveCfg = Debug|Any CPU
		{74ABC076-E0E2-4DE2-9400-3162206D117D}.Debug|Any CPU.Build.0 = Debug|Any CPU
		{74ABC076-E0E2-4DE2-9400-3162206D117D}.Release|Any CPU.ActiveCfg = Release|Any CPU
		{74ABC076-E0E2-4DE2-9400-3162206D117D}.Release|Any CPU.Build.0 = Release|Any CPU
		{F1939E6E-46BC-450E-A5D8-8AE5EBF499A2}.Debug|Any CPU.ActiveCfg = Debug|Any CPU
		{F1939E6E-46BC-450E-A5D8-8AE5EBF499A2}.Debug|Any CPU.Build.0 = Debug|Any CPU
		{F1939E6E-46BC-450E-A5D8-8AE5EBF499A2}.Release|Any CPU.ActiveCfg = Release|Any CPU
		{F1939E6E-46BC-450E-A5D8-8AE5EBF499A2}.Release|Any CPU.Build.0 = Release|Any CPU
		{61600A42-3B25-4D96-9233-811A0BAE9BF9}.Debug|Any CPU.ActiveCfg = Debug|Any CPU
		{61600A42-3B25-4D96-9233-811A0BAE9BF9}.Debug|Any CPU.Build.0 = Debug|Any CPU
		{61600A42-3B25-4D96-9233-811A0BAE9BF9}.Release|Any CPU.ActiveCfg = Release|Any CPU
		{61600A42-3B25-4D96-9233-811A0BAE9BF9}.Release|Any CPU.Build.0 = Release|Any CPU
	EndGlobalSection
	GlobalSection(SolutionProperties) = preSolution
		HideSolutionNode = FALSE
	EndGlobalSection
	GlobalSection(ExtensibilityGlobals) = postSolution
		SolutionGuid = {ED13C439-A4AA-44DF-8B62-93218DA356F2}
	EndGlobalSection
EndGlobal
